
Microsoft Visual Studio Solution File, Format Version 12.00
# Visual Studio Version 16
VisualStudioVersion = 16.0.29920.165
MinimumVisualStudioVersion = 10.0.40219.1
Project("{FAE04EC0-301F-11D3-BF4B-00C04F79EFBC}") = "Ex30.0127", "Ex30.0127.csproj", "{901F56E7-32A5-4767-854D-1C072C24146B}"
EndProject
Global
	GlobalSection(SolutionConfigurationPlatforms) = preSolution
		Debug|Any CPU = Debug|Any CPU
		Release|Any CPU = Release|Any CPU
	EndGlobalSection
	GlobalSection(ProjectConfigurationPlatforms) = postSolution
		{901F56E7-32A5-4767-854D-1C072C24146B}.Debug|Any CPU.ActiveCfg = Debug|Any CPU
		{901F56E7-32A5-4767-854D-1C072C24146B}.Debug|Any CPU.Build.0 = Debug|Any CPU
		{901F56E7-32A5-4767-854D-1C072C24146B}.Release|Any CPU.ActiveCfg = Release|Any CPU
		{901F56E7-32A5-4767-854D-1C072C24146B}.Release|Any CPU.Build.0 = Release|Any CPU
	EndGlobalSection
	GlobalSection(SolutionProperties) = preSolution
		HideSolutionNode = FALSE
	EndGlobalSection
	GlobalSection(ExtensibilityGlobals) = postSolution
		SolutionGuid = {049CF3D2-A49A-410F-9AA2-0FE9C8EC6F94}
	EndGlobalSection
EndGlobal
